
Microsoft Visual Studio Solution File, Format Version 12.00
# Visual Studio 15
VisualStudioVersion = 15.0.28010.2046
MinimumVisualStudioVersion = 10.0.40219.1
Project("{151D2E53-A2C4-4D7D-83FE-D05416EBD58E}") = "Fortigate", "Fortigate\Fortigate.deployproj", "{16CC8DD0-484D-4EFD-80E2-F198E22BCE8F}"
EndProject
Global
	GlobalSection(SolutionConfigurationPlatforms) = preSolution
		Debug|Any CPU = Debug|Any CPU
		Release|Any CPU = Release|Any CPU
	EndGlobalSection
	GlobalSection(ProjectConfigurationPlatforms) = postSolution
		{16CC8DD0-484D-4EFD-80E2-F198E22BCE8F}.Debug|Any CPU.ActiveCfg = Debug|Any CPU
		{16CC8DD0-484D-4EFD-80E2-F198E22BCE8F}.Debug|Any CPU.Build.0 = Debug|Any CPU
		{16CC8DD0-484D-4EFD-80E2-F198E22BCE8F}.Release|Any CPU.ActiveCfg = Release|Any CPU
		{16CC8DD0-484D-4EFD-80E2-F198E22BCE8F}.Release|Any CPU.Build.0 = Release|Any CPU
	EndGlobalSection
	GlobalSection(SolutionProperties) = preSolution
		HideSolutionNode = FALSE
	EndGlobalSection
	GlobalSection(ExtensibilityGlobals) = postSolution
		SolutionGuid = {F91F0BF9-CF94-4952-BD82-26B6DF9DDCE9}
	EndGlobalSection
EndGlobal
